// !$*UTF8*$!
{
	archiveVersion = 1;
	classes = {
	};
	objectVersion = 50;
	objects = {

/* Begin PBXBuildFile section */
		5D94DC2126BD86FB00538DC7 /* AppDelegate.swift in Sources */ = {isa = PBXBuildFile; fileRef = 5D94DC2026BD86FB00538DC7 /* AppDelegate.swift */; };
		5D94DC2A26BD870900538DC7 /* Assets.xcassets in Resources */ = {isa = PBXBuildFile; fileRef = 5D94DC2926BD870900538DC7 /* Assets.xcassets */; };
		5D94DC2D26BD870900538DC7 /* LaunchScreen.storyboard in Resources */ = {isa = PBXBuildFile; fileRef = 5D94DC2B26BD870900538DC7 /* LaunchScreen.storyboard */; };
		5D94DC3826BD88B500538DC7 /* FirstViewController.swift in Sources */ = {isa = PBXBuildFile; fileRef = 5D94DC3726BD88B500538DC7 /* FirstViewController.swift */; };
		5D94DC3C26BD88C600538DC7 /* SecondViewController.swift in Sources */ = {isa = PBXBuildFile; fileRef = 5D94DC3B26BD88C600538DC7 /* SecondViewController.swift */; };
		5D94DC3F26BD88D800538DC7 /* ThirdViewController.swift in Sources */ = {isa = PBXBuildFile; fileRef = 5D94DC3E26BD88D800538DC7 /* ThirdViewController.swift */; };
		5D94DC4226BD88EA00538DC7 /* FourViewController.swift in Sources */ = {isa = PBXBuildFile; fileRef = 5D94DC4126BD88EA00538DC7 /* FourViewController.swift */; };
		5D94DC4C26BD8FE700538DC7 /* Models.swift in Sources */ = {isa = PBXBuildFile; fileRef = 5D94DC4B26BD8FE700538DC7 /* Models.swift */; };
		5D94DC4F26BD902000538DC7 /* AlbumCell.swift in Sources */ = {isa = PBXBuildFile; fileRef = 5D94DC4E26BD902000538DC7 /* AlbumCell.swift */; };
/* End PBXBuildFile section */

/* Begin PBXFileReference section */
		5D94DC1D26BD86FB00538DC7 /* Albums_UICollectionView.app */ = {isa = PBXFileReference; explicitFileType = wrapper.application; includeInIndex = 0; path = Albums_UICollectionView.app; sourceTree = BUILT_PRODUCTS_DIR; };
		5D94DC2026BD86FB00538DC7 /* AppDelegate.swift */ = {isa = PBXFileReference; lastKnownFileType = sourcecode.swift; path = AppDelegate.swift; sourceTree = "<group>"; };
		5D94DC2926BD870900538DC7 /* Assets.xcassets */ = {isa = PBXFileReference; lastKnownFileType = folder.assetcatalog; path = Assets.xcassets; sourceTree = "<group>"; };
		5D94DC2C26BD870900538DC7 /* Base */ = {isa = PBXFileReference; lastKnownFileType = file.storyboard; name = Base; path = Base.lproj/LaunchScreen.storyboard; sourceTree = "<group>"; };
		5D94DC2E26BD870900538DC7 /* Info.plist */ = {isa = PBXFileReference; lastKnownFileType = text.plist.xml; path = Info.plist; sourceTree = "<group>"; };
		5D94DC3726BD88B500538DC7 /* FirstViewController.swift */ = {isa = PBXFileReference; lastKnownFileType = sourcecode.swift; path = FirstViewController.swift; sourceTree = "<group>"; };
		5D94DC3B26BD88C600538DC7 /* SecondViewController.swift */ = {isa = PBXFileReference; lastKnownFileType = sourcecode.swift; path = SecondViewController.swift; sourceTree = "<group>"; };
		5D94DC3E26BD88D800538DC7 /* ThirdViewController.swift */ = {isa = PBXFileReference; lastKnownFileType = sourcecode.swift; path = ThirdViewController.swift; sourceTree = "<group>"; };
		5D94DC4126BD88EA00538DC7 /* FourViewController.swift */ = {isa = PBXFileReference; lastKnownFileType = sourcecode.swift; path = FourViewController.swift; sourceTree = "<group>"; };
		5D94DC4B26BD8FE700538DC7 /* Models.swift */ = {isa = PBXFileReference; lastKnownFileType = sourcecode.swift; path = Models.swift; sourceTree = "<group>"; };
		5D94DC4E26BD902000538DC7 /* AlbumCell.swift */ = {isa = PBXFileReference; lastKnownFileType = sourcecode.swift; path = AlbumCell.swift; sourceTree = "<group>"; };
/* End PBXFileReference section */

/* Begin PBXFrameworksBuildPhase section */
		5D94DC1A26BD86FB00538DC7 /* Frameworks */ = {
			isa = PBXFrameworksBuildPhase;
			buildActionMask = 2147483647;
			files = (
			);
			runOnlyForDeploymentPostprocessing = 0;
		};
/* End PBXFrameworksBuildPhase section */

/* Begin PBXGroup section */
		5D94DC1426BD86FB00538DC7 = {
			isa = PBXGroup;
			children = (
				5D94DC1F26BD86FB00538DC7 /* Albums_UICollectionView */,
				5D94DC1E26BD86FB00538DC7 /* Products */,
			);
			sourceTree = "<group>";
		};
		5D94DC1E26BD86FB00538DC7 /* Products */ = {
			isa = PBXGroup;
			children = (
				5D94DC1D26BD86FB00538DC7 /* Albums_UICollectionView.app */,
			);
			name = Products;
			sourceTree = "<group>";
		};
		5D94DC1F26BD86FB00538DC7 /* Albums_UICollectionView */ = {
			isa = PBXGroup;
			children = (
				5D94DC2026BD86FB00538DC7 /* AppDelegate.swift */,
				5D94DC4426BD893F00538DC7 /* ViewControllers */,
				5D94DC2926BD870900538DC7 /* Assets.xcassets */,
				5D94DC2B26BD870900538DC7 /* LaunchScreen.storyboard */,
				5D94DC2E26BD870900538DC7 /* Info.plist */,
				5D94DC4B26BD8FE700538DC7 /* Models.swift */,
				5D94DC4E26BD902000538DC7 /* AlbumCell.swift */,
			);
			path = Albums_UICollectionView;
			sourceTree = "<group>";
		};
		5D94DC4426BD893F00538DC7 /* ViewControllers */ = {
			isa = PBXGroup;
			children = (
				5D94DC3726BD88B500538DC7 /* FirstViewController.swift */,
				5D94DC3B26BD88C600538DC7 /* SecondViewController.swift */,
				5D94DC3E26BD88D800538DC7 /* ThirdViewController.swift */,
				5D94DC4126BD88EA00538DC7 /* FourViewController.swift */,
			);
			path = ViewControllers;
			sourceTree = "<group>";
		};
/* End PBXGroup section */

/* Begin PBXNativeTarget section */
		5D94DC1C26BD86FB00538DC7 /* Albums_UICollectionView */ = {
			isa = PBXNativeTarget;
			buildConfigurationList = 5D94DC3126BD870900538DC7 /* Build configuration list for PBXNativeTarget "Albums_UICollectionView" */;
			buildPhases = (
				5D94DC1926BD86FB00538DC7 /* Sources */,
				5D94DC1A26BD86FB00538DC7 /* Frameworks */,
				5D94DC1B26BD86FB00538DC7 /* Resources */,
			);
			buildRules = (
			);
			dependencies = (
			);
			name = Albums_UICollectionView;
			productName = Albums_UICollectionView;
			productReference = 5D94DC1D26BD86FB00538DC7 /* Albums_UICollectionView.app */;
			productType = "com.apple.product-type.application";
		};
/* End PBXNativeTarget section */

/* Begin PBXProject section */
		5D94DC1526BD86FB00538DC7 /* Project object */ = {
			isa = PBXProject;
			attributes = {
				LastSwiftUpdateCheck = 1240;
				LastUpgradeCheck = 1240;
				TargetAttributes = {
					5D94DC1C26BD86FB00538DC7 = {
						CreatedOnToolsVersion = 12.4;
					};
				};
			};
			buildConfigurationList = 5D94DC1826BD86FB00538DC7 /* Build configuration list for PBXProject "Albums_UICollectionView" */;
			compatibilityVersion = "Xcode 9.3";
			developmentRegion = en;
			hasScannedForEncodings = 0;
			knownRegions = (
				en,
				Base,
			);
			mainGroup = 5D94DC1426BD86FB00538DC7;
			productRefGroup = 5D94DC1E26BD86FB00538DC7 /* Products */;
			projectDirPath = "";
			projectRoot = "";
			targets = (
				5D94DC1C26BD86FB00538DC7 /* Albums_UICollectionView */,
			);
		};
/* End PBXProject section */

/* Begin PBXResourcesBuildPhase section */
		5D94DC1B26BD86FB00538DC7 /* Resources */ = {
			isa = PBXResourcesBuildPhase;
			buildActionMask = 2147483647;
			files = (
				5D94DC2D26BD870900538DC7 /* LaunchScreen.storyboard in Resources */,
				5D94DC2A26BD870900538DC7 /* Assets.xcassets in Resources */,
			);
			runOnlyForDeploymentPostprocessing = 0;
		};
/* End PBXResourcesBuildPhase section */

/* Begin PBXSourcesBuildPhase section */
		5D94DC1926BD86FB00538DC7 /* Sources */ = {
			isa = PBXSourcesBuildPhase;
			buildActionMask = 2147483647;
			files = (
				5D94DC3C26BD88C600538DC7 /* SecondViewController.swift in Sources */,
				5D94DC3826BD88B500538DC7 /* FirstViewController.swift in Sources */,
				5D94DC4226BD88EA00538DC7 /* FourViewController.swift in Sources */,
				5D94DC4F26BD902000538DC7 /* AlbumCell.swift in Sources */,
				5D94DC4C26BD8FE700538DC7 /* Models.swift in Sources */,
				5D94DC3F26BD88D800538DC7 /* ThirdViewController.swift in Sources */,
				5D94DC2126BD86FB00538DC7 /* AppDelegate.swift in Sources */,
			);
			runOnlyForDeploymentPostprocessing = 0;
		};
/* End PBXSourcesBuildPhase section */

/* Begin PBXVariantGroup section */
		5D94DC2B26BD870900538DC7 /* LaunchScreen.storyboard */ = {
			isa = PBXVariantGroup;
			children = (
				5D94DC2C26BD870900538DC7 /* Base */,
			);
			name = LaunchScreen.storyboard;
			sourceTree = "<group>";
		};
/* End PBXVariantGroup section */

/* Begin XCBuildConfiguration section */
		5D94DC2F26BD870900538DC7 /* Debug */ = {
			isa = XCBuildConfiguration;
			buildSettings = {
				ALWAYS_SEARCH_USER_PATHS = NO;
				CLANG_ANALYZER_NONNULL = YES;
				CLANG_ANALYZER_NUMBER_OBJECT_CONVERSION = YES_AGGRESSIVE;
				CLANG_CXX_LANGUAGE_STANDARD = "gnu++14";
				CLANG_CXX_LIBRARY = "libc++";
				CLANG_ENABLE_MODULES = YES;
				CLANG_ENABLE_OBJC_ARC = YES;
				CLANG_ENABLE_OBJC_WEAK = YES;
				CLANG_WARN_BLOCK_CAPTURE_AUTORELEASING = YES;
				CLANG_WARN_BOOL_CONVERSION = YES;
				CLANG_WARN_COMMA = YES;
				CLANG_WARN_CONSTANT_CONVERSION = YES;
				CLANG_WARN_DEPRECATED_OBJC_IMPLEMENTATIONS = YES;
				CLANG_WARN_DIRECT_OBJC_ISA_USAGE = YES_ERROR;
				CLANG_WARN_DOCUMENTATION_COMMENTS = YES;
				CLANG_WARN_EMPTY_BODY = YES;
				CLANG_WARN_ENUM_CONVERSION = YES;
				CLANG_WARN_INFINITE_RECURSION = YES;
				CLANG_WARN_INT_CONVERSION = YES;
				CLANG_WARN_NON_LITERAL_NULL_CONVERSION = YES;
				CLANG_WARN_OBJC_IMPLICIT_RETAIN_SELF = YES;
				CLANG_WARN_OBJC_LITERAL_CONVERSION = YES;
				CLANG_WARN_OBJC_ROOT_CLASS = YES_ERROR;
				CLANG_WARN_QUOTED_INCLUDE_IN_FRAMEWORK_HEADER = YES;
				CLANG_WARN_RANGE_LOOP_ANALYSIS = YES;
				CLANG_WARN_STRICT_PROTOTYPES = YES;
				CLANG_WARN_SUSPICIOUS_MOVE = YES;
				CLANG_WARN_UNGUARDED_AVAILABILITY = YES_AGGRESSIVE;
				CLANG_WARN_UNREACHABLE_CODE = YES;
				CLANG_WARN__DUPLICATE_METHOD_MATCH = YES;
				COPY_PHASE_STRIP = NO;
				DEBUG_INFORMATION_FORMAT = dwarf;
				ENABLE_STRICT_OBJC_MSGSEND = YES;
				ENABLE_TESTABILITY = YES;
				GCC_C_LANGUAGE_STANDARD = gnu11;
				GCC_DYNAMIC_NO_PIC = NO;
				GCC_NO_COMMON_BLOCKS = YES;
				GCC_OPTIMIZATION_LEVEL = 0;
				GCC_PREPROCESSOR_DEFINITIONS = (
					"DEBUG=1",
					"$(inherited)",
				);
				GCC_WARN_64_TO_32_BIT_CONVERSION = YES;
				GCC_WARN_ABOUT_RETURN_TYPE = YES_ERROR;
				GCC_WARN_UNDECLARED_SELECTOR = YES;
				GCC_WARN_UNINITIALIZED_AUTOS = YES_AGGRESSIVE;
				GCC_WARN_UNUSED_FUNCTION = YES;
				GCC_WARN_UNUSED_VARIABLE = YES;
				IPHONEOS_DEPLOYMENT_TARGET = 14.4;
				MTL_ENABLE_DEBUG_INFO = INCLUDE_SOURCE;
				MTL_FAST_MATH = YES;
				ONLY_ACTIVE_ARCH = YES;
				SDKROOT = iphoneos;
				SWIFT_ACTIVE_COMPILATION_CONDITIONS = DEBUG;
				SWIFT_OPTIMIZATION_LEVEL = "-Onone";
			};
			name = Debug;
		};
		5D94DC3026BD870900538DC7 /* Release */ = {
			isa = XCBuildConfiguration;
			buildSettings = {
				ALWAYS_SEARCH_USER_PATHS = NO;
				CLANG_ANALYZER_NONNULL = YES;
				CLANG_ANALYZER_NUMBER_OBJECT_CONVERSION = YES_AGGRESSIVE;
				CLANG_CXX_LANGUAGE_STANDARD = "gnu++14";
				CLANG_CXX_LIBRARY = "libc++";
				CLANG_ENABLE_MODULES = YES;
				CLANG_ENABLE_OBJC_ARC = YES;
				CLANG_ENABLE_OBJC_WEAK = YES;
				CLANG_WARN_BLOCK_CAPTURE_AUTORELEASING = YES;
				CLANG_WARN_BOOL_CONVERSION = YES;
				CLANG_WARN_COMMA = YES;
				CLANG_WARN_CONSTANT_CONVERSION = YES;
				CLANG_WARN_DEPRECATED_OBJC_IMPLEMENTATIONS = YES;
				CLANG_WARN_DIRECT_OBJC_ISA_USAGE = YES_ERROR;
				CLANG_WARN_DOCUMENTATION_COMMENTS = YES;
				CLANG_WARN_EMPTY_BODY = YES;
				CLANG_WARN_ENUM_CONVERSION = YES;
				CLANG_WARN_INFINITE_RECURSION = YES;
				CLANG_WARN_INT_CONVERSION = YES;
				CLANG_WARN_NON_LITERAL_NULL_CONVERSION = YES;
				CLANG_WARN_OBJC_IMPLICIT_RETAIN_SELF = YES;
				CLANG_WARN_OBJC_LITERAL_CONVERSION = YES;
				CLANG_WARN_OBJC_ROOT_CLASS = YES_ERROR;
				CLANG_WARN_QUOTED_INCLUDE_IN_FRAMEWORK_HEADER = YES;
				CLANG_WARN_RANGE_LOOP_ANALYSIS = YES;
				CLANG_WARN_STRICT_PROTOTYPES = YES;
				CLANG_WARN_SUSPICIOUS_MOVE = YES;
				CLANG_WARN_UNGUARDED_AVAILABILITY = YES_AGGRESSIVE;
				CLANG_WARN_UNREACHABLE_CODE = YES;
				CLANG_WARN__DUPLICATE_METHOD_MATCH = YES;
				COPY_PHASE_STRIP = NO;
				DEBUG_INFORMATION_FORMAT = "dwarf-with-dsym";
				ENABLE_NS_ASSERTIONS = NO;
				ENABLE_STRICT_OBJC_MSGSEND = YES;
				GCC_C_LANGUAGE_STANDARD = gnu11;
				GCC_NO_COMMON_BLOCKS = YES;
				GCC_WARN_64_TO_32_BIT_CONVERSION = YES;
				GCC_WARN_ABOUT_RETURN_TYPE = YES_ERROR;
				GCC_WARN_UNDECLARED_SELECTOR = YES;
				GCC_WARN_UNINITIALIZED_AUTOS = YES_AGGRESSIVE;
				GCC_WARN_UNUSED_FUNCTION = YES;
				GCC_WARN_UNUSED_VARIABLE = YES;
				IPHONEOS_DEPLOYMENT_TARGET = 14.4;
				MTL_ENABLE_DEBUG_INFO = NO;
				MTL_FAST_MATH = YES;
				SDKROOT = iphoneos;
				SWIFT_COMPILATION_MODE = wholemodule;
				SWIFT_OPTIMIZATION_LEVEL = "-O";
				VALIDATE_PRODUCT = YES;
			};
			name = Release;
		};
		5D94DC3226BD870900538DC7 /* Debug */ = {
			isa = XCBuildConfiguration;
			buildSettings = {
				ASSETCATALOG_COMPILER_APPICON_NAME = AppIcon;
				ASSETCATALOG_COMPILER_GLOBAL_ACCENT_COLOR_NAME = AccentColor;
				CODE_SIGN_STYLE = Automatic;
				DEVELOPMENT_TEAM = CT2Z3RU3KS;
				INFOPLIST_FILE = Albums_UICollectionView/Info.plist;
				LD_RUNPATH_SEARCH_PATHS = (
					"$(inherited)",
					"@executable_path/Frameworks",
				);
				PRODUCT_BUNDLE_IDENTIFIER = "com.my.Albums-UICollectionView";
				PRODUCT_NAME = "$(TARGET_NAME)";
				SWIFT_VERSION = 5.0;
				TARGETED_DEVICE_FAMILY = "1,2";
			};
			name = Debug;
		};
		5D94DC3326BD870900538DC7 /* Release */ = {
			isa = XCBuildConfiguration;
			buildSettings = {
				ASSETCATALOG_COMPILER_APPICON_NAME = AppIcon;
				ASSETCATALOG_COMPILER_GLOBAL_ACCENT_COLOR_NAME = AccentColor;
				CODE_SIGN_STYLE = Automatic;
				DEVELOPMENT_TEAM = CT2Z3RU3KS;
				INFOPLIST_FILE = Albums_UICollectionView/Info.plist;
				LD_RUNPATH_SEARCH_PATHS = (
					"$(inherited)",
					"@executable_path/Frameworks",
				);
				PRODUCT_BUNDLE_IDENTIFIER = "com.my.Albums-UICollectionView";
				PRODUCT_NAME = "$(TARGET_NAME)";
				SWIFT_VERSION = 5.0;
				TARGETED_DEVICE_FAMILY = "1,2";
			};
			name = Release;
		};
/* End XCBuildConfiguration section */

/* Begin XCConfigurationList section */
		5D94DC1826BD86FB00538DC7 /* Build configuration list for PBXProject "Albums_UICollectionView" */ = {
			isa = XCConfigurationList;
			buildConfigurations = (
				5D94DC2F26BD870900538DC7 /* Debug */,
				5D94DC3026BD870900538DC7 /* Release */,
			);
			defaultConfigurationIsVisible = 0;
			defaultConfigurationName = Release;
		};
		5D94DC3126BD870900538DC7 /* Build configuration list for PBXNativeTarget "Albums_UICollectionView" */ = {
			isa = XCConfigurationList;
			buildConfigurations = (
				5D94DC3226BD870900538DC7 /* Debug */,
				5D94DC3326BD870900538DC7 /* Release */,
			);
			defaultConfigurationIsVisible = 0;
			defaultConfigurationName = Release;
		};
/* End XCConfigurationList section */
	};
	rootObject = 5D94DC1526BD86FB00538DC7 /* Project object */;
}
